// !$*UTF8*$!
{
	archiveVersion = 1;
	classes = {
	};
	objectVersion = 46;
	objects = {

/* Begin PBXBuildFile section */
		9D107E611DD3314100C3FEA9 /* UploadTableViewController.m in Sources */ = {isa = PBXBuildFile; fileRef = 9D107E601DD3314100C3FEA9 /* UploadTableViewController.m */; };
		9D107E641DD3315500C3FEA9 /* DownloadTableViewController.m in Sources */ = {isa = PBXBuildFile; fileRef = 9D107E631DD3315500C3FEA9 /* DownloadTableViewController.m */; };
		9D207CAE1DD419F600719067 /* CreatDirViewController.m in Sources */ = {isa = PBXBuildFile; fileRef = 9D207CAD1DD419F600719067 /* CreatDirViewController.m */; };
		9D207CCB1DD4628200719067 /* FTPClientManager.m in Sources */ = {isa = PBXBuildFile; fileRef = 9D207CCA1DD4628200719067 /* FTPClientManager.m */; };
		9D207CCE1DD59C8F00719067 /* FileModel.m in Sources */ = {isa = PBXBuildFile; fileRef = 9D207CCD1DD59C8F00719067 /* FileModel.m */; };
		9DE990EC1DD0586A0095282A /* main.m in Sources */ = {isa = PBXBuildFile; fileRef = 9DE990EB1DD0586A0095282A /* main.m */; };
		9DE990EF1DD0586A0095282A /* AppDelegate.m in Sources */ = {isa = PBXBuildFile; fileRef = 9DE990EE1DD0586A0095282A /* AppDelegate.m */; };
		9DE990F51DD0586A0095282A /* Main.storyboard in Resources */ = {isa = PBXBuildFile; fileRef = 9DE990F31DD0586A0095282A /* Main.storyboard */; };
		9DE990F71DD0586B0095282A /* Assets.xcassets in Resources */ = {isa = PBXBuildFile; fileRef = 9DE990F61DD0586B0095282A /* Assets.xcassets */; };
		9DE990FA1DD0586B0095282A /* LaunchScreen.storyboard in Resources */ = {isa = PBXBuildFile; fileRef = 9DE990F81DD0586B0095282A /* LaunchScreen.storyboard */; };
		9DE991051DD0586B0095282A /* FTPDemoTests.m in Sources */ = {isa = PBXBuildFile; fileRef = 9DE991041DD0586B0095282A /* FTPDemoTests.m */; };
		9DE991101DD0586B0095282A /* FTPDemoUITests.m in Sources */ = {isa = PBXBuildFile; fileRef = 9DE9910F1DD0586B0095282A /* FTPDemoUITests.m */; };
		9DE9911F1DD05CBD0095282A /* CFNetwork.framework in Frameworks */ = {isa = PBXBuildFile; fileRef = 9DE9911E1DD05CBD0095282A /* CFNetwork.framework */; };
		9DE991221DD05D000095282A /* FTPClient.m in Sources */ = {isa = PBXBuildFile; fileRef = 9DE991211DD05D000095282A /* FTPClient.m */; };
		9DE991251DD05F6D0095282A /* YDFTPClient.m in Sources */ = {isa = PBXBuildFile; fileRef = 9DE991241DD05F6D0095282A /* YDFTPClient.m */; };
		9DE991281DD06D440095282A /* FileListViewController.m in Sources */ = {isa = PBXBuildFile; fileRef = 9DE991271DD06D440095282A /* FileListViewController.m */; };
/* End PBXBuildFile section */

/* Begin PBXContainerItemProxy section */
		9DE991011DD0586B0095282A /* PBXContainerItemProxy */ = {
			isa = PBXContainerItemProxy;
			containerPortal = 9DE990DF1DD0586A0095282A /* Project object */;
			proxyType = 1;
			remoteGlobalIDString = 9DE990E61DD0586A0095282A;
			remoteInfo = FTPDemo;
		};
		9DE9910C1DD0586B0095282A /* PBXContainerItemProxy */ = {
			isa = PBXContainerItemProxy;
			containerPortal = 9DE990DF1DD0586A0095282A /* Project object */;
			proxyType = 1;
			remoteGlobalIDString = 9DE990E61DD0586A0095282A;
			remoteInfo = FTPDemo;
		};
/* End PBXContainerItemProxy section */

/* Begin PBXFileReference section */
		9D107E5F1DD3314100C3FEA9 /* UploadTableViewController.h */ = {isa = PBXFileReference; fileEncoding = 4; lastKnownFileType = sourcecode.c.h; path = UploadTableViewController.h; sourceTree = "<group>"; };
		9D107E601DD3314100C3FEA9 /* UploadTableViewController.m */ = {isa = PBXFileReference; fileEncoding = 4; lastKnownFileType = sourcecode.c.objc; path = UploadTableViewController.m; sourceTree = "<group>"; };
		9D107E621DD3315500C3FEA9 /* DownloadTableViewController.h */ = {isa = PBXFileReference; fileEncoding = 4; lastKnownFileType = sourcecode.c.h; path = DownloadTableViewController.h; sourceTree = "<group>"; };
		9D107E631DD3315500C3FEA9 /* DownloadTableViewController.m */ = {isa = PBXFileReference; fileEncoding = 4; lastKnownFileType = sourcecode.c.objc; path = DownloadTableViewController.m; sourceTree = "<group>"; };
		9D207CAC1DD419F600719067 /* CreatDirViewController.h */ = {isa = PBXFileReference; fileEncoding = 4; lastKnownFileType = sourcecode.c.h; path = CreatDirViewController.h; sourceTree = "<group>"; };
		9D207CAD1DD419F600719067 /* CreatDirViewController.m */ = {isa = PBXFileReference; fileEncoding = 4; lastKnownFileType = sourcecode.c.objc; path = CreatDirViewController.m; sourceTree = "<group>"; };
		9D207CC91DD4628200719067 /* FTPClientManager.h */ = {isa = PBXFileReference; fileEncoding = 4; lastKnownFileType = sourcecode.c.h; path = FTPClientManager.h; sourceTree = "<group>"; };
		9D207CCA1DD4628200719067 /* FTPClientManager.m */ = {isa = PBXFileReference; fileEncoding = 4; lastKnownFileType = sourcecode.c.objc; path = FTPClientManager.m; sourceTree = "<group>"; };
		9D207CCC1DD59C8F00719067 /* FileModel.h */ = {isa = PBXFileReference; fileEncoding = 4; lastKnownFileType = sourcecode.c.h; path = FileModel.h; sourceTree = "<group>"; };
		9D207CCD1DD59C8F00719067 /* FileModel.m */ = {isa = PBXFileReference; fileEncoding = 4; lastKnownFileType = sourcecode.c.objc; path = FileModel.m; sourceTree = "<group>"; };
		9D207CCF1DD5EE9900719067 /* PrefixHeader.pch */ = {isa = PBXFileReference; lastKnownFileType = sourcecode.c.h; path = PrefixHeader.pch; sourceTree = "<group>"; };
		9DE990E71DD0586A0095282A /* FTPDemo.app */ = {isa = PBXFileReference; explicitFileType = wrapper.application; includeInIndex = 0; path = FTPDemo.app; sourceTree = BUILT_PRODUCTS_DIR; };
		9DE990EB1DD0586A0095282A /* main.m */ = {isa = PBXFileReference; lastKnownFileType = sourcecode.c.objc; path = main.m; sourceTree = "<group>"; };
		9DE990ED1DD0586A0095282A /* AppDelegate.h */ = {isa = PBXFileReference; lastKnownFileType = sourcecode.c.h; path = AppDelegate.h; sourceTree = "<group>"; };
		9DE990EE1DD0586A0095282A /* AppDelegate.m */ = {isa = PBXFileReference; lastKnownFileType = sourcecode.c.objc; path = AppDelegate.m; sourceTree = "<group>"; };
		9DE990F41DD0586A0095282A /* Base */ = {isa = PBXFileReference; lastKnownFileType = file.storyboard; name = Base; path = Base.lproj/Main.storyboard; sourceTree = "<group>"; };
		9DE990F61DD0586B0095282A /* Assets.xcassets */ = {isa = PBXFileReference; lastKnownFileType = folder.assetcatalog; path = Assets.xcassets; sourceTree = "<group>"; };
		9DE990F91DD0586B0095282A /* Base */ = {isa = PBXFileReference; lastKnownFileType = file.storyboard; name = Base; path = Base.lproj/LaunchScreen.storyboard; sourceTree = "<group>"; };
		9DE990FB1DD0586B0095282A /* Info.plist */ = {isa = PBXFileReference; lastKnownFileType = text.plist.xml; path = Info.plist; sourceTree = "<group>"; };
		9DE991001DD0586B0095282A /* FTPDemoTests.xctest */ = {isa = PBXFileReference; explicitFileType = wrapper.cfbundle; includeInIndex = 0; path = FTPDemoTests.xctest; sourceTree = BUILT_PRODUCTS_DIR; };
		9DE991041DD0586B0095282A /* FTPDemoTests.m */ = {isa = PBXFileReference; lastKnownFileType = sourcecode.c.objc; path = FTPDemoTests.m; sourceTree = "<group>"; };
		9DE991061DD0586B0095282A /* Info.plist */ = {isa = PBXFileReference; lastKnownFileType = text.plist.xml; path = Info.plist; sourceTree = "<group>"; };
		9DE9910B1DD0586B0095282A /* FTPDemoUITests.xctest */ = {isa = PBXFileReference; explicitFileType = wrapper.cfbundle; includeInIndex = 0; path = FTPDemoUITests.xctest; sourceTree = BUILT_PRODUCTS_DIR; };
		9DE9910F1DD0586B0095282A /* FTPDemoUITests.m */ = {isa = PBXFileReference; lastKnownFileType = sourcecode.c.objc; path = FTPDemoUITests.m; sourceTree = "<group>"; };
		9DE991111DD0586B0095282A /* Info.plist */ = {isa = PBXFileReference; lastKnownFileType = text.plist.xml; path = Info.plist; sourceTree = "<group>"; };
		9DE9911E1DD05CBD0095282A /* CFNetwork.framework */ = {isa = PBXFileReference; lastKnownFileType = wrapper.framework; name = CFNetwork.framework; path = System/Library/Frameworks/CFNetwork.framework; sourceTree = SDKROOT; };
		9DE991201DD05D000095282A /* FTPClient.h */ = {isa = PBXFileReference; fileEncoding = 4; lastKnownFileType = sourcecode.c.h; path = FTPClient.h; sourceTree = "<group>"; };
		9DE991211DD05D000095282A /* FTPClient.m */ = {isa = PBXFileReference; fileEncoding = 4; lastKnownFileType = sourcecode.c.objc; path = FTPClient.m; sourceTree = "<group>"; };
		9DE991231DD05F6D0095282A /* YDFTPClient.h */ = {isa = PBXFileReference; fileEncoding = 4; lastKnownFileType = sourcecode.c.h; path = YDFTPClient.h; sourceTree = "<group>"; };
		9DE991241DD05F6D0095282A /* YDFTPClient.m */ = {isa = PBXFileReference; fileEncoding = 4; lastKnownFileType = sourcecode.c.objc; path = YDFTPClient.m; sourceTree = "<group>"; };
		9DE991261DD06D440095282A /* FileListViewController.h */ = {isa = PBXFileReference; fileEncoding = 4; lastKnownFileType = sourcecode.c.h; path = FileListViewController.h; sourceTree = "<group>"; };
		9DE991271DD06D440095282A /* FileListViewController.m */ = {isa = PBXFileReference; fileEncoding = 4; lastKnownFileType = sourcecode.c.objc; path = FileListViewController.m; sourceTree = "<group>"; };
/* End PBXFileReference section */

/* Begin PBXFrameworksBuildPhase section */
		9DE990E41DD0586A0095282A /* Frameworks */ = {
			isa = PBXFrameworksBuildPhase;
			buildActionMask = 2147483647;
			files = (
				9DE9911F1DD05CBD0095282A /* CFNetwork.framework in Frameworks */,
			);
			runOnlyForDeploymentPostprocessing = 0;
		};
		9DE990FD1DD0586B0095282A /* Frameworks */ = {
			isa = PBXFrameworksBuildPhase;
			buildActionMask = 2147483647;
			files = (
			);
			runOnlyForDeploymentPostprocessing = 0;
		};
		9DE991081DD0586B0095282A /* Frameworks */ = {
			isa = PBXFrameworksBuildPhase;
			buildActionMask = 2147483647;
			files = (
			);
			runOnlyForDeploymentPostprocessing = 0;
		};
/* End PBXFrameworksBuildPhase section */

/* Begin PBXGroup section */
		9DE990DE1DD0586A0095282A = {
			isa = PBXGroup;
			children = (
				9DE990E91DD0586A0095282A /* FTPDemo */,
				9DE991031DD0586B0095282A /* FTPDemoTests */,
				9DE9910E1DD0586B0095282A /* FTPDemoUITests */,
				9DE990E81DD0586A0095282A /* Products */,
				9DE9911D1DD05CBD0095282A /* Frameworks */,
			);
			sourceTree = "<group>";
		};
		9DE990E81DD0586A0095282A /* Products */ = {
			isa = PBXGroup;
			children = (
				9DE990E71DD0586A0095282A /* FTPDemo.app */,
				9DE991001DD0586B0095282A /* FTPDemoTests.xctest */,
				9DE9910B1DD0586B0095282A /* FTPDemoUITests.xctest */,
			);
			name = Products;
			sourceTree = "<group>";
		};
		9DE990E91DD0586A0095282A /* FTPDemo */ = {
			isa = PBXGroup;
			children = (
				9DE990ED1DD0586A0095282A /* AppDelegate.h */,
				9DE990EE1DD0586A0095282A /* AppDelegate.m */,
				9DE991261DD06D440095282A /* FileListViewController.h */,
				9DE991271DD06D440095282A /* FileListViewController.m */,
				9D107E5F1DD3314100C3FEA9 /* UploadTableViewController.h */,
				9D107E601DD3314100C3FEA9 /* UploadTableViewController.m */,
				9D107E621DD3315500C3FEA9 /* DownloadTableViewController.h */,
				9D107E631DD3315500C3FEA9 /* DownloadTableViewController.m */,
				9D207CAC1DD419F600719067 /* CreatDirViewController.h */,
				9D207CAD1DD419F600719067 /* CreatDirViewController.m */,
				9D207CC91DD4628200719067 /* FTPClientManager.h */,
				9D207CCA1DD4628200719067 /* FTPClientManager.m */,
				9D207CCC1DD59C8F00719067 /* FileModel.h */,
				9D207CCD1DD59C8F00719067 /* FileModel.m */,
				9DE991201DD05D000095282A /* FTPClient.h */,
				9DE991211DD05D000095282A /* FTPClient.m */,
				9DE991231DD05F6D0095282A /* YDFTPClient.h */,
				9DE991241DD05F6D0095282A /* YDFTPClient.m */,
				9DE990F31DD0586A0095282A /* Main.storyboard */,
				9DE990F61DD0586B0095282A /* Assets.xcassets */,
				9DE990F81DD0586B0095282A /* LaunchScreen.storyboard */,
				9DE990FB1DD0586B0095282A /* Info.plist */,
				9DE990EA1DD0586A0095282A /* Supporting Files */,
			);
			path = FTPDemo;
			sourceTree = "<group>";
		};
		9DE990EA1DD0586A0095282A /* Supporting Files */ = {
			isa = PBXGroup;
			children = (
				9DE990EB1DD0586A0095282A /* main.m */,
				9D207CCF1DD5EE9900719067 /* PrefixHeader.pch */,
			);
			name = "Supporting Files";
			sourceTree = "<group>";
		};
		9DE991031DD0586B0095282A /* FTPDemoTests */ = {
			isa = PBXGroup;
			children = (
				9DE991041DD0586B0095282A /* FTPDemoTests.m */,
				9DE991061DD0586B0095282A /* Info.plist */,
			);
			path = FTPDemoTests;
			sourceTree = "<group>";
		};
		9DE9910E1DD0586B0095282A /* FTPDemoUITests */ = {
			isa = PBXGroup;
			children = (
				9DE9910F1DD0586B0095282A /* FTPDemoUITests.m */,
				9DE991111DD0586B0095282A /* Info.plist */,
			);
			path = FTPDemoUITests;
			sourceTree = "<group>";
		};
		9DE9911D1DD05CBD0095282A /* Frameworks */ = {
			isa = PBXGroup;
			children = (
				9DE9911E1DD05CBD0095282A /* CFNetwork.framework */,
			);
			name = Frameworks;
			sourceTree = "<group>";
		};
/* End PBXGroup section */

/* Begin PBXNativeTarget section */
		9DE990E61DD0586A0095282A /* FTPDemo */ = {
			isa = PBXNativeTarget;
			buildConfigurationList = 9DE991141DD0586B0095282A /* Build configuration list for PBXNativeTarget "FTPDemo" */;
			buildPhases = (
				9DE990E31DD0586A0095282A /* Sources */,
				9DE990E41DD0586A0095282A /* Frameworks */,
				9DE990E51DD0586A0095282A /* Resources */,
			);
			buildRules = (
			);
			dependencies = (
			);
			name = FTPDemo;
			productName = FTPDemo;
			productReference = 9DE990E71DD0586A0095282A /* FTPDemo.app */;
			productType = "com.apple.product-type.application";
		};
		9DE990FF1DD0586B0095282A /* FTPDemoTests */ = {
			isa = PBXNativeTarget;
			buildConfigurationList = 9DE991171DD0586B0095282A /* Build configuration list for PBXNativeTarget "FTPDemoTests" */;
			buildPhases = (
				9DE990FC1DD0586B0095282A /* Sources */,
				9DE990FD1DD0586B0095282A /* Frameworks */,
				9DE990FE1DD0586B0095282A /* Resources */,
			);
			buildRules = (
			);
			dependencies = (
				9DE991021DD0586B0095282A /* PBXTargetDependency */,
			);
			name = FTPDemoTests;
			productName = FTPDemoTests;
			productReference = 9DE991001DD0586B0095282A /* FTPDemoTests.xctest */;
			productType = "com.apple.product-type.bundle.unit-test";
		};
		9DE9910A1DD0586B0095282A /* FTPDemoUITests */ = {
			isa = PBXNativeTarget;
			buildConfigurationList = 9DE9911A1DD0586B0095282A /* Build configuration list for PBXNativeTarget "FTPDemoUITests" */;
			buildPhases = (
				9DE991071DD0586B0095282A /* Sources */,
				9DE991081DD0586B0095282A /* Frameworks */,
				9DE991091DD0586B0095282A /* Resources */,
			);
			buildRules = (
			);
			dependencies = (
				9DE9910D1DD0586B0095282A /* PBXTargetDependency */,
			);
			name = FTPDemoUITests;
			productName = FTPDemoUITests;
			productReference = 9DE9910B1DD0586B0095282A /* FTPDemoUITests.xctest */;
			productType = "com.apple.product-type.bundle.ui-testing";
		};
/* End PBXNativeTarget section */

/* Begin PBXProject section */
		9DE990DF1DD0586A0095282A /* Project object */ = {
			isa = PBXProject;
			attributes = {
				LastUpgradeCheck = 0800;
				ORGANIZATIONNAME = Allan;
				TargetAttributes = {
					9DE990E61DD0586A0095282A = {
						CreatedOnToolsVersion = 8.0;
						DevelopmentTeam = 83UPS5Q267;
						ProvisioningStyle = Automatic;
					};
					9DE990FF1DD0586B0095282A = {
						CreatedOnToolsVersion = 8.0;
						ProvisioningStyle = Automatic;
						TestTargetID = 9DE990E61DD0586A0095282A;
					};
					9DE9910A1DD0586B0095282A = {
						CreatedOnToolsVersion = 8.0;
						ProvisioningStyle = Automatic;
						TestTargetID = 9DE990E61DD0586A0095282A;
					};
				};
			};
			buildConfigurationList = 9DE990E21DD0586A0095282A /* Build configuration list for PBXProject "FTPDemo" */;
			compatibilityVersion = "Xcode 3.2";
			developmentRegion = English;
			hasScannedForEncodings = 0;
			knownRegions = (
				en,
				Base,
			);
			mainGroup = 9DE990DE1DD0586A0095282A;
			productRefGroup = 9DE990E81DD0586A0095282A /* Products */;
			projectDirPath = "";
			projectRoot = "";
			targets = (
				9DE990E61DD0586A0095282A /* FTPDemo */,
				9DE990FF1DD0586B0095282A /* FTPDemoTests */,
				9DE9910A1DD0586B0095282A /* FTPDemoUITests */,
			);
		};
/* End PBXProject section */

/* Begin PBXResourcesBuildPhase section */
		9DE990E51DD0586A0095282A /* Resources */ = {
			isa = PBXResourcesBuildPhase;
			buildActionMask = 2147483647;
			files = (
				9DE990FA1DD0586B0095282A /* LaunchScreen.storyboard in Resources */,
				9DE990F71DD0586B0095282A /* Assets.xcassets in Resources */,
				9DE990F51DD0586A0095282A /* Main.storyboard in Resources */,
			);
			runOnlyForDeploymentPostprocessing = 0;
		};
		9DE990FE1DD0586B0095282A /* Resources */ = {
			isa = PBXResourcesBuildPhase;
			buildActionMask = 2147483647;
			files = (
			);
			runOnlyForDeploymentPostprocessing = 0;
		};
		9DE991091DD0586B0095282A /* Resources */ = {
			isa = PBXResourcesBuildPhase;
			buildActionMask = 2147483647;
			files = (
			);
			runOnlyForDeploymentPostprocessing = 0;
		};
/* End PBXResourcesBuildPhase section */

/* Begin PBXSourcesBuildPhase section */
		9DE990E31DD0586A0095282A /* Sources */ = {
			isa = PBXSourcesBuildPhase;
			buildActionMask = 2147483647;
			files = (
				9DE991251DD05F6D0095282A /* YDFTPClient.m in Sources */,
				9DE991221DD05D000095282A /* FTPClient.m in Sources */,
				9DE991281DD06D440095282A /* FileListViewController.m in Sources */,
				9D207CCE1DD59C8F00719067 /* FileModel.m in Sources */,
				9D207CCB1DD4628200719067 /* FTPClientManager.m in Sources */,
				9D107E611DD3314100C3FEA9 /* UploadTableViewController.m in Sources */,
				9DE990EF1DD0586A0095282A /* AppDelegate.m in Sources */,
				9D107E641DD3315500C3FEA9 /* DownloadTableViewController.m in Sources */,
				9D207CAE1DD419F600719067 /* CreatDirViewController.m in Sources */,
				9DE990EC1DD0586A0095282A /* main.m in Sources */,
			);
			runOnlyForDeploymentPostprocessing = 0;
		};
		9DE990FC1DD0586B0095282A /* Sources */ = {
			isa = PBXSourcesBuildPhase;
			buildActionMask = 2147483647;
			files = (
				9DE991051DD0586B0095282A /* FTPDemoTests.m in Sources */,
			);
			runOnlyForDeploymentPostprocessing = 0;
		};
		9DE991071DD0586B0095282A /* Sources */ = {
			isa = PBXSourcesBuildPhase;
			buildActionMask = 2147483647;
			files = (
				9DE991101DD0586B0095282A /* FTPDemoUITests.m in Sources */,
			);
			runOnlyForDeploymentPostprocessing = 0;
		};
/* End PBXSourcesBuildPhase section */

/* Begin PBXTargetDependency section */
		9DE991021DD0586B0095282A /* PBXTargetDependency */ = {
			isa = PBXTargetDependency;
			target = 9DE990E61DD0586A0095282A /* FTPDemo */;
			targetProxy = 9DE991011DD0586B0095282A /* PBXContainerItemProxy */;
		};
		9DE9910D1DD0586B0095282A /* PBXTargetDependency */ = {
			isa = PBXTargetDependency;
			target = 9DE990E61DD0586A0095282A /* FTPDemo */;
			targetProxy = 9DE9910C1DD0586B0095282A /* PBXContainerItemProxy */;
		};
/* End PBXTargetDependency section */

/* Begin PBXVariantGroup section */
		9DE990F31DD0586A0095282A /* Main.storyboard */ = {
			isa = PBXVariantGroup;
			children = (
				9DE990F41DD0586A0095282A /* Base */,
			);
			name = Main.storyboard;
			sourceTree = "<group>";
		};
		9DE990F81DD0586B0095282A /* LaunchScreen.storyboard */ = {
			isa = PBXVariantGroup;
			children = (
				9DE990F91DD0586B0095282A /* Base */,
			);
			name = LaunchScreen.storyboard;
			sourceTree = "<group>";
		};
/* End PBXVariantGroup section */

/* Begin XCBuildConfiguration section */
		9DE991121DD0586B0095282A /* Debug */ = {
			isa = XCBuildConfiguration;
			buildSettings = {
				ALWAYS_SEARCH_USER_PATHS = NO;
				CLANG_ANALYZER_NONNULL = YES;
				CLANG_CXX_LANGUAGE_STANDARD = "gnu++0x";
				CLANG_CXX_LIBRARY = "libc++";
				CLANG_ENABLE_MODULES = YES;
				CLANG_ENABLE_OBJC_ARC = YES;
				CLANG_WARN_BOOL_CONVERSION = YES;
				CLANG_WARN_CONSTANT_CONVERSION = YES;
				CLANG_WARN_DIRECT_OBJC_ISA_USAGE = YES_ERROR;
				CLANG_WARN_DOCUMENTATION_COMMENTS = YES;
				CLANG_WARN_EMPTY_BODY = YES;
				CLANG_WARN_ENUM_CONVERSION = YES;
				CLANG_WARN_INFINITE_RECURSION = YES;
				CLANG_WARN_INT_CONVERSION = YES;
				CLANG_WARN_OBJC_ROOT_CLASS = YES_ERROR;
				CLANG_WARN_SUSPICIOUS_MOVES = YES;
				CLANG_WARN_UNREACHABLE_CODE = YES;
				CLANG_WARN__DUPLICATE_METHOD_MATCH = YES;
				"CODE_SIGN_IDENTITY[sdk=iphoneos*]" = "iPhone Developer";
				COPY_PHASE_STRIP = NO;
				DEBUG_INFORMATION_FORMAT = dwarf;
				ENABLE_STRICT_OBJC_MSGSEND = YES;
				ENABLE_TESTABILITY = YES;
				GCC_C_LANGUAGE_STANDARD = gnu99;
				GCC_DYNAMIC_NO_PIC = NO;
				GCC_NO_COMMON_BLOCKS = YES;
				GCC_OPTIMIZATION_LEVEL = 0;
				GCC_PREPROCESSOR_DEFINITIONS = (
					"DEBUG=1",
					"$(inherited)",
				);
				GCC_WARN_64_TO_32_BIT_CONVERSION = YES;
				GCC_WARN_ABOUT_RETURN_TYPE = YES_ERROR;
				GCC_WARN_UNDECLARED_SELECTOR = YES;
				GCC_WARN_UNINITIALIZED_AUTOS = YES_AGGRESSIVE;
				GCC_WARN_UNUSED_FUNCTION = YES;
				GCC_WARN_UNUSED_VARIABLE = YES;
				IPHONEOS_DEPLOYMENT_TARGET = 10.0;
				MTL_ENABLE_DEBUG_INFO = YES;
				ONLY_ACTIVE_ARCH = YES;
				SDKROOT = iphoneos;
				TARGETED_DEVICE_FAMILY = "1,2";
			};
			name = Debug;
		};
		9DE991131DD0586B0095282A /* Release */ = {
			isa = XCBuildConfiguration;
			buildSettings = {
				ALWAYS_SEARCH_USER_PATHS = NO;
				CLANG_ANALYZER_NONNULL = YES;
				CLANG_CXX_LANGUAGE_STANDARD = "gnu++0x";
				CLANG_CXX_LIBRARY = "libc++";
				CLANG_ENABLE_MODULES = YES;
				CLANG_ENABLE_OBJC_ARC = YES;
				CLANG_WARN_BOOL_CONVERSION = YES;
				CLANG_WARN_CONSTANT_CONVERSION = YES;
				CLANG_WARN_DIRECT_OBJC_ISA_USAGE = YES_ERROR;
				CLANG_WARN_DOCUMENTATION_COMMENTS = YES;
				CLANG_WARN_EMPTY_BODY = YES;
				CLANG_WARN_ENUM_CONVERSION = YES;
				CLANG_WARN_INFINITE_RECURSION = YES;
				CLANG_WARN_INT_CONVERSION = YES;
				CLANG_WARN_OBJC_ROOT_CLASS = YES_ERROR;
				CLANG_WARN_SUSPICIOUS_MOVES = YES;
				CLANG_WARN_UNREACHABLE_CODE = YES;
				CLANG_WARN__DUPLICATE_METHOD_MATCH = YES;
				"CODE_SIGN_IDENTITY[sdk=iphoneos*]" = "iPhone Developer";
				COPY_PHASE_STRIP = NO;
				DEBUG_INFORMATION_FORMAT = "dwarf-with-dsym";
				ENABLE_NS_ASSERTIONS = NO;
				ENABLE_STRICT_OBJC_MSGSEND = YES;
				GCC_C_LANGUAGE_STANDARD = gnu99;
				GCC_NO_COMMON_BLOCKS = YES;
				GCC_WARN_64_TO_32_BIT_CONVERSION = YES;
				GCC_WARN_ABOUT_RETURN_TYPE = YES_ERROR;
				GCC_WARN_UNDECLARED_SELECTOR = YES;
				GCC_WARN_UNINITIALIZED_AUTOS = YES_AGGRESSIVE;
				GCC_WARN_UNUSED_FUNCTION = YES;
				GCC_WARN_UNUSED_VARIABLE = YES;
				IPHONEOS_DEPLOYMENT_TARGET = 10.0;
				MTL_ENABLE_DEBUG_INFO = NO;
				SDKROOT = iphoneos;
				TARGETED_DEVICE_FAMILY = "1,2";
				VALIDATE_PRODUCT = YES;
			};
			name = Release;
		};
		9DE991151DD0586B0095282A /* Debug */ = {
			isa = XCBuildConfiguration;
			buildSettings = {
				ASSETCATALOG_COMPILER_APPICON_NAME = AppIcon;
				DEVELOPMENT_TEAM = 83UPS5Q267;
				GCC_PREFIX_HEADER = FTPDemo/PrefixHeader.pch;
				INFOPLIST_FILE = FTPDemo/Info.plist;
				LD_RUNPATH_SEARCH_PATHS = "$(inherited) @executable_path/Frameworks";
				PRODUCT_BUNDLE_IDENTIFIER = test.com.FTPDemo;
				PRODUCT_NAME = "$(TARGET_NAME)";
			};
			name = Debug;
		};
		9DE991161DD0586B0095282A /* Release */ = {
			isa = XCBuildConfiguration;
			buildSettings = {
				ASSETCATALOG_COMPILER_APPICON_NAME = AppIcon;
				DEVELOPMENT_TEAM = 83UPS5Q267;
				GCC_PREFIX_HEADER = FTPDemo/PrefixHeader.pch;
				INFOPLIST_FILE = FTPDemo/Info.plist;
				LD_RUNPATH_SEARCH_PATHS = "$(inherited) @executable_path/Frameworks";
				PRODUCT_BUNDLE_IDENTIFIER = test.com.FTPDemo;
				PRODUCT_NAME = "$(TARGET_NAME)";
			};
			name = Release;
		};
		9DE991181DD0586B0095282A /* Debug */ = {
			isa = XCBuildConfiguration;
			buildSettings = {
				BUNDLE_LOADER = "$(TEST_HOST)";
				INFOPLIST_FILE = FTPDemoTests/Info.plist;
				LD_RUNPATH_SEARCH_PATHS = "$(inherited) @executable_path/Frameworks @loader_path/Frameworks";
				PRODUCT_BUNDLE_IDENTIFIER = test.com.FTPDemoTests;
				PRODUCT_NAME = "$(TARGET_NAME)";
				TEST_HOST = "$(BUILT_PRODUCTS_DIR)/FTPDemo.app/FTPDemo";
			};
			name = Debug;
		};
		9DE991191DD0586B0095282A /* Release */ = {
			isa = XCBuildConfiguration;
			buildSettings = {
				BUNDLE_LOADER = "$(TEST_HOST)";
				INFOPLIST_FILE = FTPDemoTests/Info.plist;
				LD_RUNPATH_SEARCH_PATHS = "$(inherited) @executable_path/Frameworks @loader_path/Frameworks";
				PRODUCT_BUNDLE_IDENTIFIER = test.com.FTPDemoTests;
				PRODUCT_NAME = "$(TARGET_NAME)";
				TEST_HOST = "$(BUILT_PRODUCTS_DIR)/FTPDemo.app/FTPDemo";
			};
			name = Release;
		};
		9DE9911B1DD0586B0095282A /* Debug */ = {
			isa = XCBuildConfiguration;
			buildSettings = {
				INFOPLIST_FILE = FTPDemoUITests/Info.plist;
				LD_RUNPATH_SEARCH_PATHS = "$(inherited) @executable_path/Frameworks @loader_path/Frameworks";
				PRODUCT_BUNDLE_IDENTIFIER = test.com.FTPDemoUITests;
				PRODUCT_NAME = "$(TARGET_NAME)";
				TEST_TARGET_NAME = FTPDemo;
			};
			name = Debug;
		};
		9DE9911C1DD0586B0095282A /* Release */ = {
			isa = XCBuildConfiguration;
			buildSettings = {
				INFOPLIST_FILE = FTPDemoUITests/Info.plist;
				LD_RUNPATH_SEARCH_PATHS = "$(inherited) @executable_path/Frameworks @loader_path/Frameworks";
				PRODUCT_BUNDLE_IDENTIFIER = test.com.FTPDemoUITests;
				PRODUCT_NAME = "$(TARGET_NAME)";
				TEST_TARGET_NAME = FTPDemo;
			};
			name = Release;
		};
/* End XCBuildConfiguration section */

/* Begin XCConfigurationList section */
		9DE990E21DD0586A0095282A /* Build configuration list for PBXProject "FTPDemo" */ = {
			isa = XCConfigurationList;
			buildConfigurations = (
				9DE991121DD0586B0095282A /* Debug */,
				9DE991131DD0586B0095282A /* Release */,
			);
			defaultConfigurationIsVisible = 0;
			defaultConfigurationName = Release;
		};
		9DE991141DD0586B0095282A /* Build configuration list for PBXNativeTarget "FTPDemo" */ = {
			isa = XCConfigurationList;
			buildConfigurations = (
				9DE991151DD0586B0095282A /* Debug */,
				9DE991161DD0586B0095282A /* Release */,
			);
			defaultConfigurationIsVisible = 0;
			defaultConfigurationName = Release;
		};
		9DE991171DD0586B0095282A /* Build configuration list for PBXNativeTarget "FTPDemoTests" */ = {
			isa = XCConfigurationList;
			buildConfigurations = (
				9DE991181DD0586B0095282A /* Debug */,
				9DE991191DD0586B0095282A /* Release */,
			);
			defaultConfigurationIsVisible = 0;
			defaultConfigurationName = Release;
		};
		9DE9911A1DD0586B0095282A /* Build configuration list for PBXNativeTarget "FTPDemoUITests" */ = {
			isa = XCConfigurationList;
			buildConfigurations = (
				9DE9911B1DD0586B0095282A /* Debug */,
				9DE9911C1DD0586B0095282A /* Release */,
			);
			defaultConfigurationIsVisible = 0;
			defaultConfigurationName = Release;
		};
/* End XCConfigurationList section */
	};
	rootObject = 9DE990DF1DD0586A0095282A /* Project object */;
}
